sdk: ^1.6.10
prefixes:
  cli: pkg-cli
  host: pkg-host
packages:
  pkg-cli:
    url: github.com/toitlang/pkg-cli
    version: 1.2.0
    hash: 0e2adab3ab434c597be60438ccf64008f703ad9c
  pkg-host:
    url: github.com/toitlang/pkg-host
    version: 1.8.1
    hash: 7f0cc4280065fb18ee09d3803f12180cec852d32
